
Microsoft Visual Studio Solution File, Format Version 12.00
# Visual Studio 2012
Project("{FAE04EC0-301F-11D3-BF4B-00C04F79EFBC}") = "MicrosoftCodeDiggerExample", "MicrosoftCodeDiggerExample\MicrosoftCodeDiggerExample.csproj", "{2A1CAE1D-21B7-40D2-9E42-B6C7EB50769A}"
EndProject
Global
	GlobalSection(SolutionConfigurationPlatforms) = preSolution
		Debug|Any CPU = Debug|Any CPU
		Release|Any CPU = Release|Any CPU
	EndGlobalSection
	GlobalSection(ProjectConfigurationPlatforms) = postSolution
		{2A1CAE1D-21B7-40D2-9E42-B6C7EB50769A}.Debug|Any CPU.ActiveCfg = Debug|Any CPU
		{2A1CAE1D-21B7-40D2-9E42-B6C7EB50769A}.Debug|Any CPU.Build.0 = Debug|Any CPU
		{2A1CAE1D-21B7-40D2-9E42-B6C7EB50769A}.Release|Any CPU.ActiveCfg = Release|Any CPU
		{2A1CAE1D-21B7-40D2-9E42-B6C7EB50769A}.Release|Any CPU.Build.0 = Release|Any CPU
	EndGlobalSection
	GlobalSection(SolutionProperties) = preSolution
		HideSolutionNode = FALSE
	EndGlobalSection
EndGlobal
